// !$*UTF8*$!
{
	archiveVersion = 1;
	classes = {
	};
	objectVersion = 56;
	objects = {

/* Begin PBXBuildFile section */
		3A9081942D394F72004AB09C /* Character.swift in Sources */ = {isa = PBXBuildFile; fileRef = 3A9081932D394F72004AB09C /* Character.swift */; };
		3A9081962D394F7F004AB09C /* CharacterTableViewCell.swift in Sources */ = {isa = PBXBuildFile; fileRef = 3A9081952D394F7F004AB09C /* CharacterTableViewCell.swift */; };
		3A9081982D394F8F004AB09C /* CharactersViewController.swift in Sources */ = {isa = PBXBuildFile; fileRef = 3A9081972D394F8F004AB09C /* CharactersViewController.swift */; };
		3A90819B2D39570B004AB09C /* SDWebImage in Frameworks */ = {isa = PBXBuildFile; productRef = 3A90819A2D39570B004AB09C /* SDWebImage */; };
		3A90819D2D39570B004AB09C /* SDWebImageMapKit in Frameworks */ = {isa = PBXBuildFile; productRef = 3A90819C2D39570B004AB09C /* SDWebImageMapKit */; };
		3A9081A52D39675C004AB09C /* iOSDevTests.swift in Sources */ = {isa = PBXBuildFile; fileRef = 3A9081A42D39675C004AB09C /* iOSDevTests.swift */; };
		5CD42FB72B4F2AED0073E1BC /* AppDelegate.swift in Sources */ = {isa = PBXBuildFile; fileRef = 5CD42FB62B4F2AED0073E1BC /* AppDelegate.swift */; };
		5CD42FB92B4F2AED0073E1BC /* SceneDelegate.swift in Sources */ = {isa = PBXBuildFile; fileRef = 5CD42FB82B4F2AED0073E1BC /* SceneDelegate.swift */; };
		5CD42FC02B4F2AEE0073E1BC /* Assets.xcassets in Resources */ = {isa = PBXBuildFile; fileRef = 5CD42FBF2B4F2AEE0073E1BC /* Assets.xcassets */; };
		5CD42FC32B4F2AEE0073E1BC /* LaunchScreen.storyboard in Resources */ = {isa = PBXBuildFile; fileRef = 5CD42FC12B4F2AEE0073E1BC /* LaunchScreen.storyboard */; };
/* End PBXBuildFile section */

/* Begin PBXContainerItemProxy section */
		3A9081A62D39675C004AB09C /* PBXContainerItemProxy */ = {
			isa = PBXContainerItemProxy;
			containerPortal = 5CD42FAB2B4F2AED0073E1BC /* Project object */;
			proxyType = 1;
			remoteGlobalIDString = 5CD42FB22B4F2AED0073E1BC;
			remoteInfo = iOSDev;
		};
/* End PBXContainerItemProxy section */

/* Begin PBXFileReference section */
		3A9081932D394F72004AB09C /* Character.swift */ = {isa = PBXFileReference; lastKnownFileType = sourcecode.swift; path = Character.swift; sourceTree = "<group>"; };
		3A9081952D394F7F004AB09C /* CharacterTableViewCell.swift */ = {isa = PBXFileReference; lastKnownFileType = sourcecode.swift; path = CharacterTableViewCell.swift; sourceTree = "<group>"; };
		3A9081972D394F8F004AB09C /* CharactersViewController.swift */ = {isa = PBXFileReference; lastKnownFileType = sourcecode.swift; path = CharactersViewController.swift; sourceTree = "<group>"; };
		3A9081A22D39675C004AB09C /* iOSDevTests.xctest */ = {isa = PBXFileReference; explicitFileType = wrapper.cfbundle; includeInIndex = 0; path = iOSDevTests.xctest; sourceTree = BUILT_PRODUCTS_DIR; };
		3A9081A42D39675C004AB09C /* iOSDevTests.swift */ = {isa = PBXFileReference; lastKnownFileType = sourcecode.swift; path = iOSDevTests.swift; sourceTree = "<group>"; };
		5CD42FB32B4F2AED0073E1BC /* iOSDev.app */ = {isa = PBXFileReference; explicitFileType = wrapper.application; includeInIndex = 0; path = iOSDev.app; sourceTree = BUILT_PRODUCTS_DIR; };
		5CD42FB62B4F2AED0073E1BC /* AppDelegate.swift */ = {isa = PBXFileReference; lastKnownFileType = sourcecode.swift; path = AppDelegate.swift; sourceTree = "<group>"; };
		5CD42FB82B4F2AED0073E1BC /* SceneDelegate.swift */ = {isa = PBXFileReference; lastKnownFileType = sourcecode.swift; path = SceneDelegate.swift; sourceTree = "<group>"; };
		5CD42FBF2B4F2AEE0073E1BC /* Assets.xcassets */ = {isa = PBXFileReference; lastKnownFileType = folder.assetcatalog; path = Assets.xcassets; sourceTree = "<group>"; };
		5CD42FC22B4F2AEE0073E1BC /* Base */ = {isa = PBXFileReference; lastKnownFileType = file.storyboard; name = Base; path = Base.lproj/LaunchScreen.storyboard; sourceTree = "<group>"; };
		5CD42FC42B4F2AEE0073E1BC /* Info.plist */ = {isa = PBXFileReference; lastKnownFileType = text.plist.xml; path = Info.plist; sourceTree = "<group>"; };
/* End PBXFileReference section */

/* Begin PBXFrameworksBuildPhase section */
		3A90819F2D39675C004AB09C /* Frameworks */ = {
			isa = PBXFrameworksBuildPhase;
			buildActionMask = 2147483647;
			files = (
			);
			runOnlyForDeploymentPostprocessing = 0;
		};
		5CD42FB02B4F2AED0073E1BC /* Frameworks */ = {
			isa = PBXFrameworksBuildPhase;
			buildActionMask = 2147483647;
			files = (
				3A90819D2D39570B004AB09C /* SDWebImageMapKit in Frameworks */,
				3A90819B2D39570B004AB09C /* SDWebImage in Frameworks */,
			);
			runOnlyForDeploymentPostprocessing = 0;
		};
/* End PBXFrameworksBuildPhase section */

/* Begin PBXGroup section */
		3A9081A32D39675C004AB09C /* iOSDevTests */ = {
			isa = PBXGroup;
			children = (
				3A9081A42D39675C004AB09C /* iOSDevTests.swift */,
			);
			path = iOSDevTests;
			sourceTree = "<group>";
		};
		5CD42FAA2B4F2AED0073E1BC = {
			isa = PBXGroup;
			children = (
				5CD42FB52B4F2AED0073E1BC /* iOSDev */,
				3A9081A32D39675C004AB09C /* iOSDevTests */,
				5CD42FB42B4F2AED0073E1BC /* Products */,
			);
			sourceTree = "<group>";
		};
		5CD42FB42B4F2AED0073E1BC /* Products */ = {
			isa = PBXGroup;
			children = (
				5CD42FB32B4F2AED0073E1BC /* iOSDev.app */,
				3A9081A22D39675C004AB09C /* iOSDevTests.xctest */,
			);
			name = Products;
			sourceTree = "<group>";
		};
		5CD42FB52B4F2AED0073E1BC /* iOSDev */ = {
			isa = PBXGroup;
			children = (
				5CD42FB62B4F2AED0073E1BC /* AppDelegate.swift */,
				5CD42FB82B4F2AED0073E1BC /* SceneDelegate.swift */,
				3A9081932D394F72004AB09C /* Character.swift */,
				3A9081952D394F7F004AB09C /* CharacterTableViewCell.swift */,
				3A9081972D394F8F004AB09C /* CharactersViewController.swift */,
				5CD42FBF2B4F2AEE0073E1BC /* Assets.xcassets */,
				5CD42FC12B4F2AEE0073E1BC /* LaunchScreen.storyboard */,
				5CD42FC42B4F2AEE0073E1BC /* Info.plist */,
			);
			path = iOSDev;
			sourceTree = "<group>";
		};
/* End PBXGroup section */

/* Begin PBXNativeTarget section */
		3A9081A12D39675C004AB09C /* iOSDevTests */ = {
			isa = PBXNativeTarget;
			buildConfigurationList = 3A9081A82D39675C004AB09C /* Build configuration list for PBXNativeTarget "iOSDevTests" */;
			buildPhases = (
				3A90819E2D39675C004AB09C /* Sources */,
				3A90819F2D39675C004AB09C /* Frameworks */,
				3A9081A02D39675C004AB09C /* Resources */,
			);
			buildRules = (
			);
			dependencies = (
				3A9081A72D39675C004AB09C /* PBXTargetDependency */,
			);
			name = iOSDevTests;
			productName = iOSDevTests;
			productReference = 3A9081A22D39675C004AB09C /* iOSDevTests.xctest */;
			productType = "com.apple.product-type.bundle.unit-test";
		};
		5CD42FB22B4F2AED0073E1BC /* iOSDev */ = {
			isa = PBXNativeTarget;
			buildConfigurationList = 5CD42FC72B4F2AEE0073E1BC /* Build configuration list for PBXNativeTarget "iOSDev" */;
			buildPhases = (
				5CD42FAF2B4F2AED0073E1BC /* Sources */,
				5CD42FB02B4F2AED0073E1BC /* Frameworks */,
				5CD42FB12B4F2AED0073E1BC /* Resources */,
			);
			buildRules = (
			);
			dependencies = (
			);
			name = iOSDev;
			packageProductDependencies = (
				3A90819A2D39570B004AB09C /* SDWebImage */,
				3A90819C2D39570B004AB09C /* SDWebImageMapKit */,
			);
			productName = iOSDev;
			productReference = 5CD42FB32B4F2AED0073E1BC /* iOSDev.app */;
			productType = "com.apple.product-type.application";
		};
/* End PBXNativeTarget section */

/* Begin PBXProject section */
		5CD42FAB2B4F2AED0073E1BC /* Project object */ = {
			isa = PBXProject;
			attributes = {
				BuildIndependentTargetsInParallel = 1;
				LastSwiftUpdateCheck = 1540;
				LastUpgradeCheck = 1420;
				TargetAttributes = {
					3A9081A12D39675C004AB09C = {
						CreatedOnToolsVersion = 15.4;
						TestTargetID = 5CD42FB22B4F2AED0073E1BC;
					};
					5CD42FB22B4F2AED0073E1BC = {
						CreatedOnToolsVersion = 14.2;
					};
				};
			};
			buildConfigurationList = 5CD42FAE2B4F2AED0073E1BC /* Build configuration list for PBXProject "iOSDev" */;
			compatibilityVersion = "Xcode 14.0";
			developmentRegion = en;
			hasScannedForEncodings = 0;
			knownRegions = (
				en,
				Base,
			);
			mainGroup = 5CD42FAA2B4F2AED0073E1BC;
			packageReferences = (
				3A9081992D39570B004AB09C /* XCRemoteSwiftPackageReference "SDWebImage" */,
			);
			productRefGroup = 5CD42FB42B4F2AED0073E1BC /* Products */;
			projectDirPath = "";
			projectRoot = "";
			targets = (
				5CD42FB22B4F2AED0073E1BC /* iOSDev */,
				3A9081A12D39675C004AB09C /* iOSDevTests */,
			);
		};
/* End PBXProject section */

/* Begin PBXResourcesBuildPhase section */
		3A9081A02D39675C004AB09C /* Resources */ = {
			isa = PBXResourcesBuildPhase;
			buildActionMask = 2147483647;
			files = (
			);
			runOnlyForDeploymentPostprocessing = 0;
		};
		5CD42FB12B4F2AED0073E1BC /* Resources */ = {
			isa = PBXResourcesBuildPhase;
			buildActionMask = 2147483647;
			files = (
				5CD42FC32B4F2AEE0073E1BC /* LaunchScreen.storyboard in Resources */,
				5CD42FC02B4F2AEE0073E1BC /* Assets.xcassets in Resources */,
			);
			runOnlyForDeploymentPostprocessing = 0;
		};
/* End PBXResourcesBuildPhase section */

/* Begin PBXSourcesBuildPhase section */
		3A90819E2D39675C004AB09C /* Sources */ = {
			isa = PBXSourcesBuildPhase;
			buildActionMask = 2147483647;
			files = (
				3A9081A52D39675C004AB09C /* iOSDevTests.swift in Sources */,
			);
			runOnlyForDeploymentPostprocessing = 0;
		};
		5CD42FAF2B4F2AED0073E1BC /* Sources */ = {
			isa = PBXSourcesBuildPhase;
			buildActionMask = 2147483647;
			files = (
				3A9081942D394F72004AB09C /* Character.swift in Sources */,
				5CD42FB72B4F2AED0073E1BC /* AppDelegate.swift in Sources */,
				5CD42FB92B4F2AED0073E1BC /* SceneDelegate.swift in Sources */,
				3A9081982D394F8F004AB09C /* CharactersViewController.swift in Sources */,
				3A9081962D394F7F004AB09C /* CharacterTableViewCell.swift in Sources */,
			);
			runOnlyForDeploymentPostprocessing = 0;
		};
/* End PBXSourcesBuildPhase section */

/* Begin PBXTargetDependency section */
		3A9081A72D39675C004AB09C /* PBXTargetDependency */ = {
			isa = PBXTargetDependency;
			target = 5CD42FB22B4F2AED0073E1BC /* iOSDev */;
			targetProxy = 3A9081A62D39675C004AB09C /* PBXContainerItemProxy */;
		};
/* End PBXTargetDependency section */

/* Begin PBXVariantGroup section */
		5CD42FC12B4F2AEE0073E1BC /* LaunchScreen.storyboard */ = {
			isa = PBXVariantGroup;
			children = (
				5CD42FC22B4F2AEE0073E1BC /* Base */,
			);
			name = LaunchScreen.storyboard;
			sourceTree = "<group>";
		};
/* End PBXVariantGroup section */

/* Begin XCBuildConfiguration section */
		3A9081A92D39675C004AB09C /* Debug */ = {
			isa = XCBuildConfiguration;
			buildSettings = {
				ASSETCATALOG_COMPILER_GENERATE_SWIFT_ASSET_SYMBOL_EXTENSIONS = YES;
				BUNDLE_LOADER = "$(TEST_HOST)";
				CODE_SIGN_STYLE = Automatic;
				CURRENT_PROJECT_VERSION = 1;
				DEVELOPMENT_TEAM = UMHRFV43J3;
				ENABLE_USER_SCRIPT_SANDBOXING = YES;
				GCC_C_LANGUAGE_STANDARD = gnu17;
				GENERATE_INFOPLIST_FILE = YES;
				IPHONEOS_DEPLOYMENT_TARGET = 17.5;
				LOCALIZATION_PREFERS_STRING_CATALOGS = YES;
				MARKETING_VERSION = 1.0;
				PRODUCT_BUNDLE_IDENTIFIER = kama.iOSDevTests;
				PRODUCT_NAME = "$(TARGET_NAME)";
				SWIFT_ACTIVE_COMPILATION_CONDITIONS = "DEBUG $(inherited)";
				SWIFT_EMIT_LOC_STRINGS = NO;
				SWIFT_VERSION = 5.0;
				TARGETED_DEVICE_FAMILY = "1,2";
				TEST_HOST = "$(BUILT_PRODUCTS_DIR)/iOSDev.app/$(BUNDLE_EXECUTABLE_FOLDER_PATH)/iOSDev";
			};
			name = Debug;
		};
		3A9081AA2D39675C004AB09C /* Release */ = {
			isa = XCBuildConfiguration;
			buildSettings = {
				ASSETCATALOG_COMPILER_GENERATE_SWIFT_ASSET_SYMBOL_EXTENSIONS = YES;
				BUNDLE_LOADER = "$(TEST_HOST)";
				CODE_SIGN_STYLE = Automatic;
				CURRENT_PROJECT_VERSION = 1;
				DEVELOPMENT_TEAM = UMHRFV43J3;
				ENABLE_USER_SCRIPT_SANDBOXING = YES;
				GCC_C_LANGUAGE_STANDARD = gnu17;
				GENERATE_INFOPLIST_FILE = YES;
				IPHONEOS_DEPLOYMENT_TARGET = 17.5;
				LOCALIZATION_PREFERS_STRING_CATALOGS = YES;
				MARKETING_VERSION = 1.0;
				PRODUCT_BUNDLE_IDENTIFIER = kama.iOSDevTests;
				PRODUCT_NAME = "$(TARGET_NAME)";
				SWIFT_EMIT_LOC_STRINGS = NO;
				SWIFT_VERSION = 5.0;
				TARGETED_DEVICE_FAMILY = "1,2";
				TEST_HOST = "$(BUILT_PRODUCTS_DIR)/iOSDev.app/$(BUNDLE_EXECUTABLE_FOLDER_PATH)/iOSDev";
			};
			name = Release;
		};
		5CD42FC52B4F2AEE0073E1BC /* Debug */ = {
			isa = XCBuildConfiguration;
			buildSettings = {
				ALWAYS_SEARCH_USER_PATHS = NO;
				CLANG_ANALYZER_NONNULL = YES;
				CLANG_ANALYZER_NUMBER_OBJECT_CONVERSION = YES_AGGRESSIVE;
				CLANG_CXX_LANGUAGE_STANDARD = "gnu++20";
				CLANG_ENABLE_MODULES = YES;
				CLANG_ENABLE_OBJC_ARC = YES;
				CLANG_ENABLE_OBJC_WEAK = YES;
				CLANG_WARN_BLOCK_CAPTURE_AUTORELEASING = YES;
				CLANG_WARN_BOOL_CONVERSION = YES;
				CLANG_WARN_COMMA = YES;
				CLANG_WARN_CONSTANT_CONVERSION = YES;
				CLANG_WARN_DEPRECATED_OBJC_IMPLEMENTATIONS = YES;
				CLANG_WARN_DIRECT_OBJC_ISA_USAGE = YES_ERROR;
				CLANG_WARN_DOCUMENTATION_COMMENTS = YES;
				CLANG_WARN_EMPTY_BODY = YES;
				CLANG_WARN_ENUM_CONVERSION = YES;
				CLANG_WARN_INFINITE_RECURSION = YES;
				CLANG_WARN_INT_CONVERSION = YES;
				CLANG_WARN_NON_LITERAL_NULL_CONVERSION = YES;
				CLANG_WARN_OBJC_IMPLICIT_RETAIN_SELF = YES;
				CLANG_WARN_OBJC_LITERAL_CONVERSION = YES;
				CLANG_WARN_OBJC_ROOT_CLASS = YES_ERROR;
				CLANG_WARN_QUOTED_INCLUDE_IN_FRAMEWORK_HEADER = YES;
				CLANG_WARN_RANGE_LOOP_ANALYSIS = YES;
				CLANG_WARN_STRICT_PROTOTYPES = YES;
				CLANG_WARN_SUSPICIOUS_MOVE = YES;
				CLANG_WARN_UNGUARDED_AVAILABILITY = YES_AGGRESSIVE;
				CLANG_WARN_UNREACHABLE_CODE = YES;
				CLANG_WARN__DUPLICATE_METHOD_MATCH = YES;
				COPY_PHASE_STRIP = NO;
				DEBUG_INFORMATION_FORMAT = dwarf;
				ENABLE_STRICT_OBJC_MSGSEND = YES;
				ENABLE_TESTABILITY = YES;
				GCC_C_LANGUAGE_STANDARD = gnu11;
				GCC_DYNAMIC_NO_PIC = NO;
				GCC_NO_COMMON_BLOCKS = YES;
				GCC_OPTIMIZATION_LEVEL = 0;
				GCC_PREPROCESSOR_DEFINITIONS = (
					"DEBUG=1",
					"$(inherited)",
				);
				GCC_WARN_64_TO_32_BIT_CONVERSION = YES;
				GCC_WARN_ABOUT_RETURN_TYPE = YES_ERROR;
				GCC_WARN_UNDECLARED_SELECTOR = YES;
				GCC_WARN_UNINITIALIZED_AUTOS = YES_AGGRESSIVE;
				GCC_WARN_UNUSED_FUNCTION = YES;
				GCC_WARN_UNUSED_VARIABLE = YES;
				IPHONEOS_DEPLOYMENT_TARGET = 16.2;
				MTL_ENABLE_DEBUG_INFO = INCLUDE_SOURCE;
				MTL_FAST_MATH = YES;
				ONLY_ACTIVE_ARCH = YES;
				SDKROOT = iphoneos;
				SWIFT_ACTIVE_COMPILATION_CONDITIONS = DEBUG;
				SWIFT_OPTIMIZATION_LEVEL = "-Onone";
			};
			name = Debug;
		};
		5CD42FC62B4F2AEE0073E1BC /* Release */ = {
			isa = XCBuildConfiguration;
			buildSettings = {
				ALWAYS_SEARCH_USER_PATHS = NO;
				CLANG_ANALYZER_NONNULL = YES;
				CLANG_ANALYZER_NUMBER_OBJECT_CONVERSION = YES_AGGRESSIVE;
				CLANG_CXX_LANGUAGE_STANDARD = "gnu++20";
				CLANG_ENABLE_MODULES = YES;
				CLANG_ENABLE_OBJC_ARC = YES;
				CLANG_ENABLE_OBJC_WEAK = YES;
				CLANG_WARN_BLOCK_CAPTURE_AUTORELEASING = YES;
				CLANG_WARN_BOOL_CONVERSION = YES;
				CLANG_WARN_COMMA = YES;
				CLANG_WARN_CONSTANT_CONVERSION = YES;
				CLANG_WARN_DEPRECATED_OBJC_IMPLEMENTATIONS = YES;
				CLANG_WARN_DIRECT_OBJC_ISA_USAGE = YES_ERROR;
				CLANG_WARN_DOCUMENTATION_COMMENTS = YES;
				CLANG_WARN_EMPTY_BODY = YES;
				CLANG_WARN_ENUM_CONVERSION = YES;
				CLANG_WARN_INFINITE_RECURSION = YES;
				CLANG_WARN_INT_CONVERSION = YES;
				CLANG_WARN_NON_LITERAL_NULL_CONVERSION = YES;
				CLANG_WARN_OBJC_IMPLICIT_RETAIN_SELF = YES;
				CLANG_WARN_OBJC_LITERAL_CONVERSION = YES;
				CLANG_WARN_OBJC_ROOT_CLASS = YES_ERROR;
				CLANG_WARN_QUOTED_INCLUDE_IN_FRAMEWORK_HEADER = YES;
				CLANG_WARN_RANGE_LOOP_ANALYSIS = YES;
				CLANG_WARN_STRICT_PROTOTYPES = YES;
				CLANG_WARN_SUSPICIOUS_MOVE = YES;
				CLANG_WARN_UNGUARDED_AVAILABILITY = YES_AGGRESSIVE;
				CLANG_WARN_UNREACHABLE_CODE = YES;
				CLANG_WARN__DUPLICATE_METHOD_MATCH = YES;
				COPY_PHASE_STRIP = NO;
				DEBUG_INFORMATION_FORMAT = "dwarf-with-dsym";
				ENABLE_NS_ASSERTIONS = NO;
				ENABLE_STRICT_OBJC_MSGSEND = YES;
				GCC_C_LANGUAGE_STANDARD = gnu11;
				GCC_NO_COMMON_BLOCKS = YES;
				GCC_WARN_64_TO_32_BIT_CONVERSION = YES;
				GCC_WARN_ABOUT_RETURN_TYPE = YES_ERROR;
				GCC_WARN_UNDECLARED_SELECTOR = YES;
				GCC_WARN_UNINITIALIZED_AUTOS = YES_AGGRESSIVE;
				GCC_WARN_UNUSED_FUNCTION = YES;
				GCC_WARN_UNUSED_VARIABLE = YES;
				IPHONEOS_DEPLOYMENT_TARGET = 16.2;
				MTL_ENABLE_DEBUG_INFO = NO;
				MTL_FAST_MATH = YES;
				SDKROOT = iphoneos;
				SWIFT_COMPILATION_MODE = wholemodule;
				SWIFT_OPTIMIZATION_LEVEL = "-O";
				VALIDATE_PRODUCT = YES;
			};
			name = Release;
		};
		5CD42FC82B4F2AEE0073E1BC /* Debug */ = {
			isa = XCBuildConfiguration;
			buildSettings = {
				ASSETCATALOG_COMPILER_APPICON_NAME = AppIcon;
				ASSETCATALOG_COMPILER_GLOBAL_ACCENT_COLOR_NAME = AccentColor;
				CODE_SIGN_STYLE = Automatic;
				CURRENT_PROJECT_VERSION = 1;
				DEVELOPMENT_TEAM = UMHRFV43J3;
				GENERATE_INFOPLIST_FILE = YES;
				INFOPLIST_FILE = iOSDev/Info.plist;
				INFOPLIST_KEY_UIApplicationSupportsIndirectInputEvents = YES;
				INFOPLIST_KEY_UILaunchStoryboardName = LaunchScreen;
				INFOPLIST_KEY_UISupportedInterfaceOrientations_iPad = "UIInterfaceOrientationPortrait UIInterfaceOrientationPortraitUpsideDown UIInterfaceOrientationLandscapeLeft UIInterfaceOrientationLandscapeRight";
				INFOPLIST_KEY_UISupportedInterfaceOrientations_iPhone = "UIInterfaceOrientationPortrait UIInterfaceOrientationLandscapeLeft UIInterfaceOrientationLandscapeRight";
				LD_RUNPATH_SEARCH_PATHS = (
					"$(inherited)",
					"@executable_path/Frameworks",
				);
				MARKETING_VERSION = 1.0;
				PRODUCT_BUNDLE_IDENTIFIER = kama.iOSDev;
				PRODUCT_NAME = "$(TARGET_NAME)";
				SWIFT_EMIT_LOC_STRINGS = YES;
				SWIFT_VERSION = 5.0;
				TARGETED_DEVICE_FAMILY = "1,2";
			};
			name = Debug;
		};
		5CD42FC92B4F2AEE0073E1BC /* Release */ = {
			isa = XCBuildConfiguration;
			buildSettings = {
				ASSETCATALOG_COMPILER_APPICON_NAME = AppIcon;
				ASSETCATALOG_COMPILER_GLOBAL_ACCENT_COLOR_NAME = AccentColor;
				CODE_SIGN_STYLE = Automatic;
				CURRENT_PROJECT_VERSION = 1;
				DEVELOPMENT_TEAM = UMHRFV43J3;
				GENERATE_INFOPLIST_FILE = YES;
				INFOPLIST_FILE = iOSDev/Info.plist;
				INFOPLIST_KEY_UIApplicationSupportsIndirectInputEvents = YES;
				INFOPLIST_KEY_UILaunchStoryboardName = LaunchScreen;
				INFOPLIST_KEY_UISupportedInterfaceOrientations_iPad = "UIInterfaceOrientationPortrait UIInterfaceOrientationPortraitUpsideDown UIInterfaceOrientationLandscapeLeft UIInterfaceOrientationLandscapeRight";
				INFOPLIST_KEY_UISupportedInterfaceOrientations_iPhone = "UIInterfaceOrientationPortrait UIInterfaceOrientationLandscapeLeft UIInterfaceOrientationLandscapeRight";
				LD_RUNPATH_SEARCH_PATHS = (
					"$(inherited)",
					"@executable_path/Frameworks",
				);
				MARKETING_VERSION = 1.0;
				PRODUCT_BUNDLE_IDENTIFIER = kama.iOSDev;
				PRODUCT_NAME = "$(TARGET_NAME)";
				SWIFT_EMIT_LOC_STRINGS = YES;
				SWIFT_VERSION = 5.0;
				TARGETED_DEVICE_FAMILY = "1,2";
			};
			name = Release;
		};
/* End XCBuildConfiguration section */

/* Begin XCConfigurationList section */
		3A9081A82D39675C004AB09C /* Build configuration list for PBXNativeTarget "iOSDevTests" */ = {
			isa = XCConfigurationList;
			buildConfigurations = (
				3A9081A92D39675C004AB09C /* Debug */,
				3A9081AA2D39675C004AB09C /* Release */,
			);
			defaultConfigurationIsVisible = 0;
			defaultConfigurationName = Release;
		};
		5CD42FAE2B4F2AED0073E1BC /* Build configuration list for PBXProject "iOSDev" */ = {
			isa = XCConfigurationList;
			buildConfigurations = (
				5CD42FC52B4F2AEE0073E1BC /* Debug */,
				5CD42FC62B4F2AEE0073E1BC /* Release */,
			);
			defaultConfigurationIsVisible = 0;
			defaultConfigurationName = Release;
		};
		5CD42FC72B4F2AEE0073E1BC /* Build configuration list for PBXNativeTarget "iOSDev" */ = {
			isa = XCConfigurationList;
			buildConfigurations = (
				5CD42FC82B4F2AEE0073E1BC /* Debug */,
				5CD42FC92B4F2AEE0073E1BC /* Release */,
			);
			defaultConfigurationIsVisible = 0;
			defaultConfigurationName = Release;
		};
/* End XCConfigurationList section */

/* Begin XCRemoteSwiftPackageReference section */
		3A9081992D39570B004AB09C /* XCRemoteSwiftPackageReference "SDWebImage" */ = {
			isa = XCRemoteSwiftPackageReference;
			repositoryURL = "https://github.com/SDWebImage/SDWebImage.git";
			requirement = {
				kind = upToNextMajorVersion;
				minimumVersion = 5.20.0;
			};
		};
/* End XCRemoteSwiftPackageReference section */

/* Begin XCSwiftPackageProductDependency section */
		3A90819A2D39570B004AB09C /* SDWebImage */ = {
			isa = XCSwiftPackageProductDependency;
			package = 3A9081992D39570B004AB09C /* XCRemoteSwiftPackageReference "SDWebImage" */;
			productName = SDWebImage;
		};
		3A90819C2D39570B004AB09C /* SDWebImageMapKit */ = {
			isa = XCSwiftPackageProductDependency;
			package = 3A9081992D39570B004AB09C /* XCRemoteSwiftPackageReference "SDWebImage" */;
			productName = SDWebImageMapKit;
		};
/* End XCSwiftPackageProductDependency section */
	};
	rootObject = 5CD42FAB2B4F2AED0073E1BC /* Project object */;
}
